
Microsoft Visual Studio Solution File, Format Version 12.00
# Visual Studio Version 17
VisualStudioVersion = 17.0.31903.59
MinimumVisualStudioVersion = 10.0.40219.1
Project("{2150E333-8FDC-42A3-9474-1A3956D46DE8}") = "src", "src", "{827E0CD3-B72D-47B6-A68D-7590B98EB39B}"
EndProject
Project("{FAE04EC0-301F-11D3-BF4B-00C04F79EFBC}") = "FacultyIQ.Api", "src\FacultyIQ.Api\FacultyIQ.Api.csproj", "{64D14516-53BC-4218-A826-67556C96682C}"
EndProject
Project("{FAE04EC0-301F-11D3-BF4B-00C04F79EFBC}") = "FacultyIQ.Application", "src\FacultyIQ.Application\FacultyIQ.Application.csproj", "{D653DA7A-E228-4170-8638-2791D73AF906}"
EndProject
Project("{FAE04EC0-301F-11D3-BF4B-00C04F79EFBC}") = "FacultyIQ.Domain", "src\FacultyIQ.Domain\FacultyIQ.Domain.csproj", "{C506D20F-956E-4C6E-BB26-A52536E956B7}"
EndProject
Project("{FAE04EC0-301F-11D3-BF4B-00C04F79EFBC}") = "FacultyIQ.Infrastructure", "src\FacultyIQ.Infrastructure\FacultyIQ.Infrastructure.csproj", "{E8B1B80A-5F3B-4E8A-9611-16B8481A9320}"
EndProject
Project("{FAE04EC0-301F-11D3-BF4B-00C04F79EFBC}") = "FacultyIQ.Persistence", "src\FacultyIQ.Persistence\FacultyIQ.Persistence.csproj", "{CEB068F1-5D3C-4645-9590-E8E579808515}"
EndProject
Project("{FAE04EC0-301F-11D3-BF4B-00C04F79EFBC}") = "FacultyIQ.SharedKernel", "src\FacultyIQ.SharedKernel\FacultyIQ.SharedKernel.csproj", "{64E4D85C-E8B0-471E-8F1A-2D98C98E76A9}"
EndProject
Project("{FAE04EC0-301F-11D3-BF4B-00C04F79EFBC}") = "FacultyIQ.Api.FunctionalTests", "tests\FacultyIQ.Api.FunctionalTests\FacultyIQ.Api.FunctionalTests.csproj", "{5988D198-4034-4807-BAB6-8E844880C32A}"
EndProject
Project("{FAE04EC0-301F-11D3-BF4B-00C04F79EFBC}") = "FacultyIQ.Application.UnitTests", "tests\FacultyIQ.Application.UnitTests\FacultyIQ.Application.UnitTests.csproj", "{0AD0A4ED-864C-40D7-9E72-DCD356034B34}"
EndProject
Project("{FAE04EC0-301F-11D3-BF4B-00C04F79EFBC}") = "FacultyIQ.Domain.UnitTests", "tests\FacultyIQ.Domain.UnitTests\FacultyIQ.Domain.UnitTests.csproj", "{AEF258CB-B7FA-4AFD-8EFE-F128CB9EF25F}"
EndProject
Project("{FAE04EC0-301F-11D3-BF4B-00C04F79EFBC}") = "FacultyIQ.Infrastructure.IntegrationTests", "tests\FacultyIQ.Infrastructure.IntegrationTests\FacultyIQ.Infrastructure.IntegrationTests.csproj", "{32263BF1-A731-4615-A4CC-4C567A9E033E}"
EndProject
Project("{FAE04EC0-301F-11D3-BF4B-00C04F79EFBC}") = "FacultyIQ.AI.UnitTests", "tests\FacultyIQ.AI.UnitTests\FacultyIQ.AI.UnitTests.csproj", "{37E32243-4C4C-4DC1-9C05-E4A02ED5CFD5}"
EndProject
Project("{FAE04EC0-301F-11D3-BF4B-00C04F79EFBC}") = "FacultyIQ.Authentication.UnitTests", "tests\FacultyIQ.Authentication.UnitTests\FacultyIQ.Authentication.UnitTests.csproj", "{7631C428-9A59-48B5-9E79-33B3DEA8AFA5}"
EndProject
Project("{FAE04EC0-301F-11D3-BF4B-00C04F79EFBC}") = "FacultyIQ.Storage.IntegrationTests", "tests\FacultyIQ.Storage.IntegrationTests\FacultyIQ.Storage.IntegrationTests.csproj", "{F550E416-0C10-4FCC-9896-F77969A6D9D2}"
EndProject
Project("{FAE04EC0-301F-11D3-BF4B-00C04F79EFBC}") = "FacultyIQ.Vector.IntegrationTests", "tests\FacultyIQ.Vector.IntegrationTests\FacultyIQ.Vector.IntegrationTests.csproj", "{E4AE3106-7033-4FA0-9B8B-69905B9065FA}"
EndProject
Global
	GlobalSection(SolutionConfigurationPlatforms) = preSolution
		Debug|Any CPU = Debug|Any CPU
		Debug|x64 = Debug|x64
		Debug|x86 = Debug|x86
		Release|Any CPU = Release|Any CPU
		Release|x64 = Release|x64
		Release|x86 = Release|x86
	EndGlobalSection
	GlobalSection(ProjectConfigurationPlatforms) = postSolution
		{64D14516-53BC-4218-A826-67556C96682C}.Debug|Any CPU.ActiveCfg = Debug|Any CPU
		{64D14516-53BC-4218-A826-67556C96682C}.Debug|Any CPU.Build.0 = Debug|Any CPU
		{64D14516-53BC-4218-A826-67556C96682C}.Debug|x64.ActiveCfg = Debug|Any CPU
		{64D14516-53BC-4218-A826-67556C96682C}.Debug|x64.Build.0 = Debug|Any CPU
		{64D14516-53BC-4218-A826-67556C96682C}.Debug|x86.ActiveCfg = Debug|Any CPU
		{64D14516-53BC-4218-A826-67556C96682C}.Debug|x86.Build.0 = Debug|Any CPU
		{64D14516-53BC-4218-A826-67556C96682C}.Release|Any CPU.ActiveCfg = Release|Any CPU
		{64D14516-53BC-4218-A826-67556C96682C}.Release|Any CPU.Build.0 = Release|Any CPU
		{64D14516-53BC-4218-A826-67556C96682C}.Release|x64.ActiveCfg = Release|Any CPU
		{64D14516-53BC-4218-A826-67556C96682C}.Release|x64.Build.0 = Release|Any CPU
		{64D14516-53BC-4218-A826-67556C96682C}.Release|x86.ActiveCfg = Release|Any CPU
		{64D14516-53BC-4218-A826-67556C96682C}.Release|x86.Build.0 = Release|Any CPU
		{D653DA7A-E228-4170-8638-2791D73AF906}.Debug|Any CPU.ActiveCfg = Debug|Any CPU
		{D653DA7A-E228-4170-8638-2791D73AF906}.Debug|Any CPU.Build.0 = Debug|Any CPU
		{D653DA7A-E228-4170-8638-2791D73AF906}.Debug|x64.ActiveCfg = Debug|Any CPU
		{D653DA7A-E228-4170-8638-2791D73AF906}.Debug|x64.Build.0 = Debug|Any CPU
		{D653DA7A-E228-4170-8638-2791D73AF906}.Debug|x86.ActiveCfg = Debug|Any CPU
		{D653DA7A-E228-4170-8638-2791D73AF906}.Debug|x86.Build.0 = Debug|Any CPU
		{D653DA7A-E228-4170-8638-2791D73AF906}.Release|Any CPU.ActiveCfg = Release|Any CPU
		{D653DA7A-E228-4170-8638-2791D73AF906}.Release|Any CPU.Build.0 = Release|Any CPU
		{D653DA7A-E228-4170-8638-2791D73AF906}.Release|x64.ActiveCfg = Release|Any CPU
		{D653DA7A-E228-4170-8638-2791D73AF906}.Release|x64.Build.0 = Release|Any CPU
		{D653DA7A-E228-4170-8638-2791D73AF906}.Release|x86.ActiveCfg = Release|Any CPU
		{D653DA7A-E228-4170-8638-2791D73AF906}.Release|x86.Build.0 = Release|Any CPU
		{C506D20F-956E-4C6E-BB26-A52536E956B7}.Debug|Any CPU.ActiveCfg = Debug|Any CPU
		{C506D20F-956E-4C6E-BB26-A52536E956B7}.Debug|Any CPU.Build.0 = Debug|Any CPU
		{C506D20F-956E-4C6E-BB26-A52536E956B7}.Debug|x64.ActiveCfg = Debug|Any CPU
		{C506D20F-956E-4C6E-BB26-A52536E956B7}.Debug|x64.Build.0 = Debug|Any CPU
		{C506D20F-956E-4C6E-BB26-A52536E956B7}.Debug|x86.ActiveCfg = Debug|Any CPU
		{C506D20F-956E-4C6E-BB26-A52536E956B7}.Debug|x86.Build.0 = Debug|Any CPU
		{C506D20F-956E-4C6E-BB26-A52536E956B7}.Release|Any CPU.ActiveCfg = Release|Any CPU
		{C506D20F-956E-4C6E-BB26-A52536E956B7}.Release|Any CPU.Build.0 = Release|Any CPU
		{C506D20F-956E-4C6E-BB26-A52536E956B7}.Release|x64.ActiveCfg = Release|Any CPU
		{C506D20F-956E-4C6E-BB26-A52536E956B7}.Release|x64.Build.0 = Release|Any CPU
		{C506D20F-956E-4C6E-BB26-A52536E956B7}.Release|x86.ActiveCfg = Release|Any CPU
		{C506D20F-956E-4C6E-BB26-A52536E956B7}.Release|x86.Build.0 = Release|Any CPU
		{E8B1B80A-5F3B-4E8A-9611-16B8481A9320}.Debug|Any CPU.ActiveCfg = Debug|Any CPU
		{E8B1B80A-5F3B-4E8A-9611-16B8481A9320}.Debug|Any CPU.Build.0 = Debug|Any CPU
		{E8B1B80A-5F3B-4E8A-9611-16B8481A9320}.Debug|x64.ActiveCfg = Debug|Any CPU
		{E8B1B80A-5F3B-4E8A-9611-16B8481A9320}.Debug|x64.Build.0 = Debug|Any CPU
		{E8B1B80A-5F3B-4E8A-9611-16B8481A9320}.Debug|x86.ActiveCfg = Debug|Any CPU
		{E8B1B80A-5F3B-4E8A-9611-16B8481A9320}.Debug|x86.Build.0 = Debug|Any CPU
		{E8B1B80A-5F3B-4E8A-9611-16B8481A9320}.Release|Any CPU.ActiveCfg = Release|Any CPU
		{E8B1B80A-5F3B-4E8A-9611-16B8481A9320}.Release|Any CPU.Build.0 = Release|Any CPU
		{E8B1B80A-5F3B-4E8A-9611-16B8481A9320}.Release|x64.ActiveCfg = Release|Any CPU
		{E8B1B80A-5F3B-4E8A-9611-16B8481A9320}.Release|x64.Build.0 = Release|Any CPU
		{E8B1B80A-5F3B-4E8A-9611-16B8481A9320}.Release|x86.ActiveCfg = Release|Any CPU
		{E8B1B80A-5F3B-4E8A-9611-16B8481A9320}.Release|x86.Build.0 = Release|Any CPU
		{CEB068F1-5D3C-4645-9590-E8E579808515}.Debug|Any CPU.ActiveCfg = Debug|Any CPU
		{CEB068F1-5D3C-4645-9590-E8E579808515}.Debug|Any CPU.Build.0 = Debug|Any CPU
		{CEB068F1-5D3C-4645-9590-E8E579808515}.Debug|x64.ActiveCfg = Debug|Any CPU
		{CEB068F1-5D3C-4645-9590-E8E579808515}.Debug|x64.Build.0 = Debug|Any CPU
		{CEB068F1-5D3C-4645-9590-E8E579808515}.Debug|x86.ActiveCfg = Debug|Any CPU
		{CEB068F1-5D3C-4645-9590-E8E579808515}.Debug|x86.Build.0 = Debug|Any CPU
		{CEB068F1-5D3C-4645-9590-E8E579808515}.Release|Any CPU.ActiveCfg = Release|Any CPU
		{CEB068F1-5D3C-4645-9590-E8E579808515}.Release|Any CPU.Build.0 = Release|Any CPU
		{CEB068F1-5D3C-4645-9590-E8E579808515}.Release|x64.ActiveCfg = Release|Any CPU
		{CEB068F1-5D3C-4645-9590-E8E579808515}.Release|x64.Build.0 = Release|Any CPU
		{CEB068F1-5D3C-4645-9590-E8E579808515}.Release|x86.ActiveCfg = Release|Any CPU
		{CEB068F1-5D3C-4645-9590-E8E579808515}.Release|x86.Build.0 = Release|Any CPU
		{64E4D85C-E8B0-471E-8F1A-2D98C98E76A9}.Debug|Any CPU.ActiveCfg = Debug|Any CPU
		{64E4D85C-E8B0-471E-8F1A-2D98C98E76A9}.Debug|Any CPU.Build.0 = Debug|Any CPU
		{64E4D85C-E8B0-471E-8F1A-2D98C98E76A9}.Debug|x64.ActiveCfg = Debug|Any CPU
		{64E4D85C-E8B0-471E-8F1A-2D98C98E76A9}.Debug|x64.Build.0 = Debug|Any CPU
		{64E4D85C-E8B0-471E-8F1A-2D98C98E76A9}.Debug|x86.ActiveCfg = Debug|Any CPU
		{64E4D85C-E8B0-471E-8F1A-2D98C98E76A9}.Debug|x86.Build.0 = Debug|Any CPU
		{64E4D85C-E8B0-471E-8F1A-2D98C98E76A9}.Release|Any CPU.ActiveCfg = Release|Any CPU
		{64E4D85C-E8B0-471E-8F1A-2D98C98E76A9}.Release|Any CPU.Build.0 = Release|Any CPU
		{64E4D85C-E8B0-471E-8F1A-2D98C98E76A9}.Release|x64.ActiveCfg = Release|Any CPU
		{64E4D85C-E8B0-471E-8F1A-2D98C98E76A9}.Release|x64.Build.0 = Release|Any CPU
		{64E4D85C-E8B0-471E-8F1A-2D98C98E76A9}.Release|x86.ActiveCfg = Release|Any CPU
		{64E4D85C-E8B0-471E-8F1A-2D98C98E76A9}.Release|x86.Build.0 = Release|Any CPU
		{5988D198-4034-4807-BAB6-8E844880C32A}.Debug|Any CPU.ActiveCfg = Debug|Any CPU
		{5988D198-4034-4807-BAB6-8E844880C32A}.Debug|Any CPU.Build.0 = Debug|Any CPU
		{5988D198-4034-4807-BAB6-8E844880C32A}.Debug|x64.ActiveCfg = Debug|Any CPU
		{5988D198-4034-4807-BAB6-8E844880C32A}.Debug|x64.Build.0 = Debug|Any CPU
		{5988D198-4034-4807-BAB6-8E844880C32A}.Debug|x86.ActiveCfg = Debug|Any CPU
		{5988D198-4034-4807-BAB6-8E844880C32A}.Debug|x86.Build.0 = Debug|Any CPU
		{5988D198-4034-4807-BAB6-8E844880C32A}.Release|Any CPU.ActiveCfg = Release|Any CPU
		{5988D198-4034-4807-BAB6-8E844880C32A}.Release|Any CPU.Build.0 = Release|Any CPU
		{5988D198-4034-4807-BAB6-8E844880C32A}.Release|x64.ActiveCfg = Release|Any CPU
		{5988D198-4034-4807-BAB6-8E844880C32A}.Release|x64.Build.0 = Release|Any CPU
		{5988D198-4034-4807-BAB6-8E844880C32A}.Release|x86.ActiveCfg = Release|Any CPU
		{5988D198-4034-4807-BAB6-8E844880C32A}.Release|x86.Build.0 = Release|Any CPU
		{0AD0A4ED-864C-40D7-9E72-DCD356034B34}.Debug|Any CPU.ActiveCfg = Debug|Any CPU
		{0AD0A4ED-864C-40D7-9E72-DCD356034B34}.Debug|Any CPU.Build.0 = Debug|Any CPU
		{0AD0A4ED-864C-40D7-9E72-DCD356034B34}.Debug|x64.ActiveCfg = Debug|Any CPU
		{0AD0A4ED-864C-40D7-9E72-DCD356034B34}.Debug|x64.Build.0 = Debug|Any CPU
		{0AD0A4ED-864C-40D7-9E72-DCD356034B34}.Debug|x86.ActiveCfg = Debug|Any CPU
		{0AD0A4ED-864C-40D7-9E72-DCD356034B34}.Debug|x86.Build.0 = Debug|Any CPU
		{0AD0A4ED-864C-40D7-9E72-DCD356034B34}.Release|Any CPU.ActiveCfg = Release|Any CPU
		{0AD0A4ED-864C-40D7-9E72-DCD356034B34}.Release|Any CPU.Build.0 = Release|Any CPU
		{0AD0A4ED-864C-40D7-9E72-DCD356034B34}.Release|x64.ActiveCfg = Release|Any CPU
		{0AD0A4ED-864C-40D7-9E72-DCD356034B34}.Release|x64.Build.0 = Release|Any CPU
		{0AD0A4ED-864C-40D7-9E72-DCD356034B34}.Release|x86.ActiveCfg = Release|Any CPU
		{0AD0A4ED-864C-40D7-9E72-DCD356034B34}.Release|x86.Build.0 = Release|Any CPU
		{AEF258CB-B7FA-4AFD-8EFE-F128CB9EF25F}.Debug|Any CPU.ActiveCfg = Debug|Any CPU
		{AEF258CB-B7FA-4AFD-8EFE-F128CB9EF25F}.Debug|Any CPU.Build.0 = Debug|Any CPU
		{AEF258CB-B7FA-4AFD-8EFE-F128CB9EF25F}.Debug|x64.ActiveCfg = Debug|Any CPU
		{AEF258CB-B7FA-4AFD-8EFE-F128CB9EF25F}.Debug|x64.Build.0 = Debug|Any CPU
		{AEF258CB-B7FA-4AFD-8EFE-F128CB9EF25F}.Debug|x86.ActiveCfg = Debug|Any CPU
		{AEF258CB-B7FA-4AFD-8EFE-F128CB9EF25F}.Debug|x86.Build.0 = Debug|Any CPU
		{AEF258CB-B7FA-4AFD-8EFE-F128CB9EF25F}.Release|Any CPU.ActiveCfg = Release|Any CPU
		{AEF258CB-B7FA-4AFD-8EFE-F128CB9EF25F}.Release|Any CPU.Build.0 = Release|Any CPU
		{AEF258CB-B7FA-4AFD-8EFE-F128CB9EF25F}.Release|x64.ActiveCfg = Release|Any CPU
		{AEF258CB-B7FA-4AFD-8EFE-F128CB9EF25F}.Release|x64.Build.0 = Release|Any CPU
		{AEF258CB-B7FA-4AFD-8EFE-F128CB9EF25F}.Release|x86.ActiveCfg = Release|Any CPU
		{AEF258CB-B7FA-4AFD-8EFE-F128CB9EF25F}.Release|x86.Build.0 = Release|Any CPU
		{32263BF1-A731-4615-A4CC-4C567A9E033E}.Debug|Any CPU.ActiveCfg = Debug|Any CPU
		{32263BF1-A731-4615-A4CC-4C567A9E033E}.Debug|Any CPU.Build.0 = Debug|Any CPU
		{32263BF1-A731-4615-A4CC-4C567A9E033E}.Debug|x64.ActiveCfg = Debug|Any CPU
		{32263BF1-A731-4615-A4CC-4C567A9E033E}.Debug|x64.Build.0 = Debug|Any CPU
		{32263BF1-A731-4615-A4CC-4C567A9E033E}.Debug|x86.ActiveCfg = Debug|Any CPU
		{32263BF1-A731-4615-A4CC-4C567A9E033E}.Debug|x86.Build.0 = Debug|Any CPU
		{32263BF1-A731-4615-A4CC-4C567A9E033E}.Release|Any CPU.ActiveCfg = Release|Any CPU
		{32263BF1-A731-4615-A4CC-4C567A9E033E}.Release|Any CPU.Build.0 = Release|Any CPU
		{32263BF1-A731-4615-A4CC-4C567A9E033E}.Release|x64.ActiveCfg = Release|Any CPU
		{32263BF1-A731-4615-A4CC-4C567A9E033E}.Release|x64.Build.0 = Release|Any CPU
		{32263BF1-A731-4615-A4CC-4C567A9E033E}.Release|x86.ActiveCfg = Release|Any CPU
		{32263BF1-A731-4615-A4CC-4C567A9E033E}.Release|x86.Build.0 = Release|Any CPU
		{37E32243-4C4C-4DC1-9C05-E4A02ED5CFD5}.Debug|Any CPU.ActiveCfg = Debug|Any CPU
		{37E32243-4C4C-4DC1-9C05-E4A02ED5CFD5}.Debug|Any CPU.Build.0 = Debug|Any CPU
		{37E32243-4C4C-4DC1-9C05-E4A02ED5CFD5}.Debug|x64.ActiveCfg = Debug|Any CPU
		{37E32243-4C4C-4DC1-9C05-E4A02ED5CFD5}.Debug|x64.Build.0 = Debug|Any CPU
		{37E32243-4C4C-4DC1-9C05-E4A02ED5CFD5}.Debug|x86.ActiveCfg = Debug|Any CPU
		{37E32243-4C4C-4DC1-9C05-E4A02ED5CFD5}.Debug|x86.Build.0 = Debug|Any CPU
		{37E32243-4C4C-4DC1-9C05-E4A02ED5CFD5}.Release|Any CPU.ActiveCfg = Release|Any CPU
		{37E32243-4C4C-4DC1-9C05-E4A02ED5CFD5}.Release|Any CPU.Build.0 = Release|Any CPU
		{37E32243-4C4C-4DC1-9C05-E4A02ED5CFD5}.Release|x64.ActiveCfg = Release|Any CPU
		{37E32243-4C4C-4DC1-9C05-E4A02ED5CFD5}.Release|x64.Build.0 = Release|Any CPU
		{37E32243-4C4C-4DC1-9C05-E4A02ED5CFD5}.Release|x86.ActiveCfg = Release|Any CPU
		{37E32243-4C4C-4DC1-9C05-E4A02ED5CFD5}.Release|x86.Build.0 = Release|Any CPU
		{7631C428-9A59-48B5-9E79-33B3DEA8AFA5}.Debug|Any CPU.ActiveCfg = Debug|Any CPU
		{7631C428-9A59-48B5-9E79-33B3DEA8AFA5}.Debug|Any CPU.Build.0 = Debug|Any CPU
		{7631C428-9A59-48B5-9E79-33B3DEA8AFA5}.Debug|x64.ActiveCfg = Debug|Any CPU
		{7631C428-9A59-48B5-9E79-33B3DEA8AFA5}.Debug|x64.Build.0 = Debug|Any CPU
		{7631C428-9A59-48B5-9E79-33B3DEA8AFA5}.Debug|x86.ActiveCfg = Debug|Any CPU
		{7631C428-9A59-48B5-9E79-33B3DEA8AFA5}.Debug|x86.Build.0 = Debug|Any CPU
		{7631C428-9A59-48B5-9E79-33B3DEA8AFA5}.Release|Any CPU.ActiveCfg = Release|Any CPU
		{7631C428-9A59-48B5-9E79-33B3DEA8AFA5}.Release|Any CPU.Build.0 = Release|Any CPU
		{7631C428-9A59-48B5-9E79-33B3DEA8AFA5}.Release|x64.ActiveCfg = Release|Any CPU
		{7631C428-9A59-48B5-9E79-33B3DEA8AFA5}.Release|x64.Build.0 = Release|Any CPU
		{7631C428-9A59-48B5-9E79-33B3DEA8AFA5}.Release|x86.ActiveCfg = Release|Any CPU
		{7631C428-9A59-48B5-9E79-33B3DEA8AFA5}.Release|x86.Build.0 = Release|Any CPU
		{F550E416-0C10-4FCC-9896-F77969A6D9D2}.Debug|Any CPU.ActiveCfg = Debug|Any CPU
		{F550E416-0C10-4FCC-9896-F77969A6D9D2}.Debug|Any CPU.Build.0 = Debug|Any CPU
		{F550E416-0C10-4FCC-9896-F77969A6D9D2}.Debug|x64.ActiveCfg = Debug|Any CPU
		{F550E416-0C10-4FCC-9896-F77969A6D9D2}.Debug|x64.Build.0 = Debug|Any CPU
		{F550E416-0C10-4FCC-9896-F77969A6D9D2}.Debug|x86.ActiveCfg = Debug|Any CPU
		{F550E416-0C10-4FCC-9896-F77969A6D9D2}.Debug|x86.Build.0 = Debug|Any CPU
		{F550E416-0C10-4FCC-9896-F77969A6D9D2}.Release|Any CPU.ActiveCfg = Release|Any CPU
		{F550E416-0C10-4FCC-9896-F77969A6D9D2}.Release|Any CPU.Build.0 = Release|Any CPU
		{F550E416-0C10-4FCC-9896-F77969A6D9D2}.Release|x64.ActiveCfg = Release|Any CPU
		{F550E416-0C10-4FCC-9896-F77969A6D9D2}.Release|x64.Build.0 = Release|Any CPU
		{F550E416-0C10-4FCC-9896-F77969A6D9D2}.Release|x86.ActiveCfg = Release|Any CPU
		{F550E416-0C10-4FCC-9896-F77969A6D9D2}.Release|x86.Build.0 = Release|Any CPU
		{E4AE3106-7033-4FA0-9B8B-69905B9065FA}.Debug|Any CPU.ActiveCfg = Debug|Any CPU
		{E4AE3106-7033-4FA0-9B8B-69905B9065FA}.Debug|Any CPU.Build.0 = Debug|Any CPU
		{E4AE3106-7033-4FA0-9B8B-69905B9065FA}.Debug|x64.ActiveCfg = Debug|Any CPU
		{E4AE3106-7033-4FA0-9B8B-69905B9065FA}.Debug|x64.Build.0 = Debug|Any CPU
		{E4AE3106-7033-4FA0-9B8B-69905B9065FA}.Debug|x86.ActiveCfg = Debug|Any CPU
		{E4AE3106-7033-4FA0-9B8B-69905B9065FA}.Debug|x86.Build.0 = Debug|Any CPU
		{E4AE3106-7033-4FA0-9B8B-69905B9065FA}.Release|Any CPU.ActiveCfg = Release|Any CPU
		{E4AE3106-7033-4FA0-9B8B-69905B9065FA}.Release|Any CPU.Build.0 = Release|Any CPU
		{E4AE3106-7033-4FA0-9B8B-69905B9065FA}.Release|x64.ActiveCfg = Release|Any CPU
		{E4AE3106-7033-4FA0-9B8B-69905B9065FA}.Release|x64.Build.0 = Release|Any CPU
		{E4AE3106-7033-4FA0-9B8B-69905B9065FA}.Release|x86.ActiveCfg = Release|Any CPU
		{E4AE3106-7033-4FA0-9B8B-69905B9065FA}.Release|x86.Build.0 = Release|Any CPU
	EndGlobalSection
	GlobalSection(SolutionProperties) = preSolution
		HideSolutionNode = FALSE
	EndGlobalSection
	GlobalSection(NestedProjects) = preSolution
		{64D14516-53BC-4218-A826-67556C96682C} = {827E0CD3-B72D-47B6-A68D-7590B98EB39B}
		{D653DA7A-E228-4170-8638-2791D73AF906} = {827E0CD3-B72D-47B6-A68D-7590B98EB39B}
		{C506D20F-956E-4C6E-BB26-A52536E956B7} = {827E0CD3-B72D-47B6-A68D-7590B98EB39B}
		{E8B1B80A-5F3B-4E8A-9611-16B8481A9320} = {827E0CD3-B72D-47B6-A68D-7590B98EB39B}
		{CEB068F1-5D3C-4645-9590-E8E579808515} = {827E0CD3-B72D-47B6-A68D-7590B98EB39B}
		{64E4D85C-E8B0-471E-8F1A-2D98C98E76A9} = {827E0CD3-B72D-47B6-A68D-7590B98EB39B}
		{5988D198-4034-4807-BAB6-8E844880C32A} = {827E0CD3-B72D-47B6-A68D-7590B98EB39B}
		{0AD0A4ED-864C-40D7-9E72-DCD356034B34} = {827E0CD3-B72D-47B6-A68D-7590B98EB39B}
		{AEF258CB-B7FA-4AFD-8EFE-F128CB9EF25F} = {827E0CD3-B72D-47B6-A68D-7590B98EB39B}
		{32263BF1-A731-4615-A4CC-4C567A9E033E} = {827E0CD3-B72D-47B6-A68D-7590B98EB39B}
		{37E32243-4C4C-4DC1-9C05-E4A02ED5CFD5} = {827E0CD3-B72D-47B6-A68D-7590B98EB39B}
		{7631C428-9A59-48B5-9E79-33B3DEA8AFA5} = {827E0CD3-B72D-47B6-A68D-7590B98EB39B}
		{F550E416-0C10-4FCC-9896-F77969A6D9D2} = {827E0CD3-B72D-47B6-A68D-7590B98EB39B}
		{E4AE3106-7033-4FA0-9B8B-69905B9065FA} = {827E0CD3-B72D-47B6-A68D-7590B98EB39B}
	EndGlobalSection
EndGlobal
